// !$*UTF8*$!
{
	archiveVersion = 1;
	classes = {
	};
	objectVersion = 50;
	objects = {

/* Begin PBXBuildFile section */
		DF1F75D4221ED11A00B52D93 /* LoginVC+extension.swift in Sources */ = {isa = PBXBuildFile; fileRef = DF1F75D3221ED11A00B52D93 /* LoginVC+extension.swift */; };
		DF1F75D6221ED55A00B52D93 /* OfflineViewController.swift in Sources */ = {isa = PBXBuildFile; fileRef = DF1F75D5221ED55A00B52D93 /* OfflineViewController.swift */; };
		DFB50E12221D51C700003872 /* AppDelegate.swift in Sources */ = {isa = PBXBuildFile; fileRef = DFB50E11221D51C700003872 /* AppDelegate.swift */; };
		DFB50E14221D51C700003872 /* LoginVC.swift in Sources */ = {isa = PBXBuildFile; fileRef = DFB50E13221D51C700003872 /* LoginVC.swift */; };
		DFB50E17221D51C700003872 /* Main.storyboard in Resources */ = {isa = PBXBuildFile; fileRef = DFB50E15221D51C700003872 /* Main.storyboard */; };
		DFB50E19221D51C800003872 /* Assets.xcassets in Resources */ = {isa = PBXBuildFile; fileRef = DFB50E18221D51C800003872 /* Assets.xcassets */; };
		DFB50E1C221D51C800003872 /* LaunchScreen.storyboard in Resources */ = {isa = PBXBuildFile; fileRef = DFB50E1A221D51C800003872 /* LaunchScreen.storyboard */; };
/* End PBXBuildFile section */

/* Begin PBXFileReference section */
		DF1F75D3221ED11A00B52D93 /* LoginVC+extension.swift */ = {isa = PBXFileReference; lastKnownFileType = sourcecode.swift; path = "LoginVC+extension.swift"; sourceTree = "<group>"; };
		DF1F75D5221ED55A00B52D93 /* OfflineViewController.swift */ = {isa = PBXFileReference; lastKnownFileType = sourcecode.swift; path = OfflineViewController.swift; sourceTree = "<group>"; };
		DFB50E0E221D51C700003872 /* AfricaPerspectives.app */ = {isa = PBXFileReference; explicitFileType = wrapper.application; includeInIndex = 0; path = AfricaPerspectives.app; sourceTree = BUILT_PRODUCTS_DIR; };
		DFB50E11221D51C700003872 /* AppDelegate.swift */ = {isa = PBXFileReference; lastKnownFileType = sourcecode.swift; path = AppDelegate.swift; sourceTree = "<group>"; };
		DFB50E13221D51C700003872 /* LoginVC.swift */ = {isa = PBXFileReference; lastKnownFileType = sourcecode.swift; path = LoginVC.swift; sourceTree = "<group>"; };
		DFB50E16221D51C700003872 /* Base */ = {isa = PBXFileReference; lastKnownFileType = file.storyboard; name = Base; path = Base.lproj/Main.storyboard; sourceTree = "<group>"; };
		DFB50E18221D51C800003872 /* Assets.xcassets */ = {isa = PBXFileReference; lastKnownFileType = folder.assetcatalog; path = Assets.xcassets; sourceTree = "<group>"; };
		DFB50E1B221D51C800003872 /* Base */ = {isa = PBXFileReference; lastKnownFileType = file.storyboard; name = Base; path = Base.lproj/LaunchScreen.storyboard; sourceTree = "<group>"; };
		DFB50E1D221D51C800003872 /* Info.plist */ = {isa = PBXFileReference; lastKnownFileType = text.plist.xml; path = Info.plist; sourceTree = "<group>"; };
/* End PBXFileReference section */

/* Begin PBXFrameworksBuildPhase section */
		DFB50E0B221D51C700003872 /* Frameworks */ = {
			isa = PBXFrameworksBuildPhase;
			buildActionMask = 2147483647;
			files = (
			);
			runOnlyForDeploymentPostprocessing = 0;
		};
/* End PBXFrameworksBuildPhase section */

/* Begin PBXGroup section */
		DF77CEA1221EEFEE00722B0E /* LoginScreen */ = {
			isa = PBXGroup;
			children = (
				DFB50E13221D51C700003872 /* LoginVC.swift */,
				DF1F75D3221ED11A00B52D93 /* LoginVC+extension.swift */,
			);
			path = LoginScreen;
			sourceTree = "<group>";
		};
		DFB50E05221D51C700003872 = {
			isa = PBXGroup;
			children = (
				DFB50E10221D51C700003872 /* AfricaPerspectives */,
				DFB50E0F221D51C700003872 /* Products */,
			);
			sourceTree = "<group>";
		};
		DFB50E0F221D51C700003872 /* Products */ = {
			isa = PBXGroup;
			children = (
				DFB50E0E221D51C700003872 /* AfricaPerspectives.app */,
			);
			name = Products;
			sourceTree = "<group>";
		};
		DFB50E10221D51C700003872 /* AfricaPerspectives */ = {
			isa = PBXGroup;
			children = (
				DFB50E11221D51C700003872 /* AppDelegate.swift */,
				DFF6C18A2221DA4E002DA69C /* ViewGroup */,
				DFB50E18221D51C800003872 /* Assets.xcassets */,
				DFB50E1D221D51C800003872 /* Info.plist */,
			);
			path = AfricaPerspectives;
			sourceTree = "<group>";
		};
		DFF6C1862221D929002DA69C /* MainScreenOffline */ = {
			isa = PBXGroup;
			children = (
				DF1F75D5221ED55A00B52D93 /* OfflineViewController.swift */,
			);
			path = MainScreenOffline;
			sourceTree = "<group>";
		};
		DFF6C1872221D99B002DA69C /* MainScreenOnline */ = {
			isa = PBXGroup;
			children = (
			);
			path = MainScreenOnline;
			sourceTree = "<group>";
		};
		DFF6C1882221D9A6002DA69C /* MainScreen */ = {
			isa = PBXGroup;
			children = (
				DFF6C1872221D99B002DA69C /* MainScreenOnline */,
				DFF6C1862221D929002DA69C /* MainScreenOffline */,
			);
			path = MainScreen;
			sourceTree = "<group>";
		};
		DFF6C1892221DA2F002DA69C /* DataWriteScreen */ = {
			isa = PBXGroup;
			children = (
			);
			path = DataWriteScreen;
			sourceTree = "<group>";
		};
		DFF6C18A2221DA4E002DA69C /* ViewGroup */ = {
			isa = PBXGroup;
			children = (
				DFB50E15221D51C700003872 /* Main.storyboard */,
				DFB50E1A221D51C800003872 /* LaunchScreen.storyboard */,
				DF77CEA1221EEFEE00722B0E /* LoginScreen */,
				DFF6C1892221DA2F002DA69C /* DataWriteScreen */,
				DFF6C1882221D9A6002DA69C /* MainScreen */,
			);
			path = ViewGroup;
			sourceTree = "<group>";
		};
/* End PBXGroup section */

/* Begin PBXNativeTarget section */
		DFB50E0D221D51C700003872 /* AfricaPerspectives */ = {
			isa = PBXNativeTarget;
			buildConfigurationList = DFB50E20221D51C800003872 /* Build configuration list for PBXNativeTarget "AfricaPerspectives" */;
			buildPhases = (
				DFB50E0A221D51C700003872 /* Sources */,
				DFB50E0B221D51C700003872 /* Frameworks */,
				DFB50E0C221D51C700003872 /* Resources */,
			);
			buildRules = (
			);
			dependencies = (
			);
			name = AfricaPerspectives;
			productName = TodolistApp;
			productReference = DFB50E0E221D51C700003872 /* AfricaPerspectives.app */;
			productType = "com.apple.product-type.application";
		};
/* End PBXNativeTarget section */

/* Begin PBXProject section */
		DFB50E06221D51C700003872 /* Project object */ = {
			isa = PBXProject;
			attributes = {
				LastSwiftUpdateCheck = 1010;
				LastUpgradeCheck = 1010;
				ORGANIZATIONNAME = "Seoungwoo Do";
				TargetAttributes = {
					DFB50E0D221D51C700003872 = {
						CreatedOnToolsVersion = 10.1;
					};
				};
			};
			buildConfigurationList = DFB50E09221D51C700003872 /* Build configuration list for PBXProject "AfricaPerspectives" */;
			compatibilityVersion = "Xcode 9.3";
			developmentRegion = en;
			hasScannedForEncodings = 0;
			knownRegions = (
				en,
				Base,
			);
			mainGroup = DFB50E05221D51C700003872;
			productRefGroup = DFB50E0F221D51C700003872 /* Products */;
			projectDirPath = "";
			projectRoot = "";
			targets = (
				DFB50E0D221D51C700003872 /* AfricaPerspectives */,
			);
		};
/* End PBXProject section */

/* Begin PBXResourcesBuildPhase section */
		DFB50E0C221D51C700003872 /* Resources */ = {
			isa = PBXResourcesBuildPhase;
			buildActionMask = 2147483647;
			files = (
				DFB50E1C221D51C800003872 /* LaunchScreen.storyboard in Resources */,
				DFB50E19221D51C800003872 /* Assets.xcassets in Resources */,
				DFB50E17221D51C700003872 /* Main.storyboard in Resources */,
			);
			runOnlyForDeploymentPostprocessing = 0;
		};
/* End PBXResourcesBuildPhase section */

/* Begin PBXSourcesBuildPhase section */
		DFB50E0A221D51C700003872 /* Sources */ = {
			isa = PBXSourcesBuildPhase;
			buildActionMask = 2147483647;
			files = (
				DF1F75D6221ED55A00B52D93 /* OfflineViewController.swift in Sources */,
				DF1F75D4221ED11A00B52D93 /* LoginVC+extension.swift in Sources */,
				DFB50E14221D51C700003872 /* LoginVC.swift in Sources */,
				DFB50E12221D51C700003872 /* AppDelegate.swift in Sources */,
			);
			runOnlyForDeploymentPostprocessing = 0;
		};
/* End PBXSourcesBuildPhase section */

/* Begin PBXVariantGroup section */
		DFB50E15221D51C700003872 /* Main.storyboard */ = {
			isa = PBXVariantGroup;
			children = (
				DFB50E16221D51C700003872 /* Base */,
			);
			name = Main.storyboard;
			sourceTree = "<group>";
		};
		DFB50E1A221D51C800003872 /* LaunchScreen.storyboard */ = {
			isa = PBXVariantGroup;
			children = (
				DFB50E1B221D51C800003872 /* Base */,
			);
			name = LaunchScreen.storyboard;
			sourceTree = "<group>";
		};
/* End PBXVariantGroup section */

/* Begin XCBuildConfiguration section */
		DFB50E1E221D51C800003872 /* Debug */ = {
			isa = XCBuildConfiguration;
			buildSettings = {
				ALWAYS_SEARCH_USER_PATHS = NO;
				CLANG_ANALYZER_NONNULL = YES;
				CLANG_ANALYZER_NUMBER_OBJECT_CONVERSION = YES_AGGRESSIVE;
				CLANG_CXX_LANGUAGE_STANDARD = "gnu++14";
				CLANG_CXX_LIBRARY = "libc++";
				CLANG_ENABLE_MODULES = YES;
				CLANG_ENABLE_OBJC_ARC = YES;
				CLANG_ENABLE_OBJC_WEAK = YES;
				CLANG_WARN_BLOCK_CAPTURE_AUTORELEASING = YES;
				CLANG_WARN_BOOL_CONVERSION = YES;
				CLANG_WARN_COMMA = YES;
				CLANG_WARN_CONSTANT_CONVERSION = YES;
				CLANG_WARN_DEPRECATED_OBJC_IMPLEMENTATIONS = YES;
				CLANG_WARN_DIRECT_OBJC_ISA_USAGE = YES_ERROR;
				CLANG_WARN_DOCUMENTATION_COMMENTS = YES;
				CLANG_WARN_EMPTY_BODY = YES;
				CLANG_WARN_ENUM_CONVERSION = YES;
				CLANG_WARN_INFINITE_RECURSION = YES;
				CLANG_WARN_INT_CONVERSION = YES;
				CLANG_WARN_NON_LITERAL_NULL_CONVERSION = YES;
				CLANG_WARN_OBJC_IMPLICIT_RETAIN_SELF = YES;
				CLANG_WARN_OBJC_LITERAL_CONVERSION = YES;
				CLANG_WARN_OBJC_ROOT_CLASS = YES_ERROR;
				CLANG_WARN_RANGE_LOOP_ANALYSIS = YES;
				CLANG_WARN_STRICT_PROTOTYPES = YES;
				CLANG_WARN_SUSPICIOUS_MOVE = YES;
				CLANG_WARN_UNGUARDED_AVAILABILITY = YES_AGGRESSIVE;
				CLANG_WARN_UNREACHABLE_CODE = YES;
				CLANG_WARN__DUPLICATE_METHOD_MATCH = YES;
				CODE_SIGN_IDENTITY = "iPhone Developer";
				COPY_PHASE_STRIP = NO;
				DEBUG_INFORMATION_FORMAT = dwarf;
				ENABLE_STRICT_OBJC_MSGSEND = YES;
				ENABLE_TESTABILITY = YES;
				GCC_C_LANGUAGE_STANDARD = gnu11;
				GCC_DYNAMIC_NO_PIC = NO;
				GCC_NO_COMMON_BLOCKS = YES;
				GCC_OPTIMIZATION_LEVEL = 0;
				GCC_PREPROCESSOR_DEFINITIONS = (
					"DEBUG=1",
					"$(inherited)",
				);
				GCC_WARN_64_TO_32_BIT_CONVERSION = YES;
				GCC_WARN_ABOUT_RETURN_TYPE = YES_ERROR;
				GCC_WARN_UNDECLARED_SELECTOR = YES;
				GCC_WARN_UNINITIALIZED_AUTOS = YES_AGGRESSIVE;
				GCC_WARN_UNUSED_FUNCTION = YES;
				GCC_WARN_UNUSED_VARIABLE = YES;
				IPHONEOS_DEPLOYMENT_TARGET = 12.1;
				MTL_ENABLE_DEBUG_INFO = INCLUDE_SOURCE;
				MTL_FAST_MATH = YES;
				ONLY_ACTIVE_ARCH = YES;
				SDKROOT = iphoneos;
				SWIFT_ACTIVE_COMPILATION_CONDITIONS = DEBUG;
				SWIFT_OPTIMIZATION_LEVEL = "-Onone";
			};
			name = Debug;
		};
		DFB50E1F221D51C800003872 /* Release */ = {
			isa = XCBuildConfiguration;
			buildSettings = {
				ALWAYS_SEARCH_USER_PATHS = NO;
				CLANG_ANALYZER_NONNULL = YES;
				CLANG_ANALYZER_NUMBER_OBJECT_CONVERSION = YES_AGGRESSIVE;
				CLANG_CXX_LANGUAGE_STANDARD = "gnu++14";
				CLANG_CXX_LIBRARY = "libc++";
				CLANG_ENABLE_MODULES = YES;
				CLANG_ENABLE_OBJC_ARC = YES;
				CLANG_ENABLE_OBJC_WEAK = YES;
				CLANG_WARN_BLOCK_CAPTURE_AUTORELEASING = YES;
				CLANG_WARN_BOOL_CONVERSION = YES;
				CLANG_WARN_COMMA = YES;
				CLANG_WARN_CONSTANT_CONVERSION = YES;
				CLANG_WARN_DEPRECATED_OBJC_IMPLEMENTATIONS = YES;
				CLANG_WARN_DIRECT_OBJC_ISA_USAGE = YES_ERROR;
				CLANG_WARN_DOCUMENTATION_COMMENTS = YES;
				CLANG_WARN_EMPTY_BODY = YES;
				CLANG_WARN_ENUM_CONVERSION = YES;
				CLANG_WARN_INFINITE_RECURSION = YES;
				CLANG_WARN_INT_CONVERSION = YES;
				CLANG_WARN_NON_LITERAL_NULL_CONVERSION = YES;
				CLANG_WARN_OBJC_IMPLICIT_RETAIN_SELF = YES;
				CLANG_WARN_OBJC_LITERAL_CONVERSION = YES;
				CLANG_WARN_OBJC_ROOT_CLASS = YES_ERROR;
				CLANG_WARN_RANGE_LOOP_ANALYSIS = YES;
				CLANG_WARN_STRICT_PROTOTYPES = YES;
				CLANG_WARN_SUSPICIOUS_MOVE = YES;
				CLANG_WARN_UNGUARDED_AVAILABILITY = YES_AGGRESSIVE;
				CLANG_WARN_UNREACHABLE_CODE = YES;
				CLANG_WARN__DUPLICATE_METHOD_MATCH = YES;
				CODE_SIGN_IDENTITY = "iPhone Developer";
				COPY_PHASE_STRIP = NO;
				DEBUG_INFORMATION_FORMAT = "dwarf-with-dsym";
				ENABLE_NS_ASSERTIONS = NO;
				ENABLE_STRICT_OBJC_MSGSEND = YES;
				GCC_C_LANGUAGE_STANDARD = gnu11;
				GCC_NO_COMMON_BLOCKS = YES;
				GCC_WARN_64_TO_32_BIT_CONVERSION = YES;
				GCC_WARN_ABOUT_RETURN_TYPE = YES_ERROR;
				GCC_WARN_UNDECLARED_SELECTOR = YES;
				GCC_WARN_UNINITIALIZED_AUTOS = YES_AGGRESSIVE;
				GCC_WARN_UNUSED_FUNCTION = YES;
				GCC_WARN_UNUSED_VARIABLE = YES;
				IPHONEOS_DEPLOYMENT_TARGET = 12.1;
				MTL_ENABLE_DEBUG_INFO = NO;
				MTL_FAST_MATH = YES;
				SDKROOT = iphoneos;
				SWIFT_COMPILATION_MODE = wholemodule;
				SWIFT_OPTIMIZATION_LEVEL = "-O";
				VALIDATE_PRODUCT = YES;
			};
			name = Release;
		};
		DFB50E21221D51C800003872 /* Debug */ = {
			isa = XCBuildConfiguration;
			buildSettings = {
				ASSETCATALOG_COMPILER_APPICON_NAME = AppIcon;
				CODE_SIGN_STYLE = Automatic;
				DEVELOPMENT_TEAM = XG6C4T3BPU;
				INFOPLIST_FILE = TodolistApp/Info.plist;
				LD_RUNPATH_SEARCH_PATHS = (
					"$(inherited)",
					"@executable_path/Frameworks",
				);
				PRODUCT_BUNDLE_IDENTIFIER = com.AfricaPerspectives;
				PRODUCT_NAME = "$(TARGET_NAME)";
				SWIFT_VERSION = 4.2;
				TARGETED_DEVICE_FAMILY = "1,2";
			};
			name = Debug;
		};
		DFB50E22221D51C800003872 /* Release */ = {
			isa = XCBuildConfiguration;
			buildSettings = {
				ASSETCATALOG_COMPILER_APPICON_NAME = AppIcon;
				CODE_SIGN_STYLE = Automatic;
				DEVELOPMENT_TEAM = XG6C4T3BPU;
				INFOPLIST_FILE = TodolistApp/Info.plist;
				LD_RUNPATH_SEARCH_PATHS = (
					"$(inherited)",
					"@executable_path/Frameworks",
				);
				PRODUCT_BUNDLE_IDENTIFIER = com.AfricaPerspectives;
				PRODUCT_NAME = "$(TARGET_NAME)";
				SWIFT_VERSION = 4.2;
				TARGETED_DEVICE_FAMILY = "1,2";
			};
			name = Release;
		};
/* End XCBuildConfiguration section */

/* Begin XCConfigurationList section */
		DFB50E09221D51C700003872 /* Build configuration list for PBXProject "AfricaPerspectives" */ = {
			isa = XCConfigurationList;
			buildConfigurations = (
				DFB50E1E221D51C800003872 /* Debug */,
				DFB50E1F221D51C800003872 /* Release */,
			);
			defaultConfigurationIsVisible = 0;
			defaultConfigurationName = Release;
		};
		DFB50E20221D51C800003872 /* Build configuration list for PBXNativeTarget "AfricaPerspectives" */ = {
			isa = XCConfigurationList;
			buildConfigurations = (
				DFB50E21221D51C800003872 /* Debug */,
				DFB50E22221D51C800003872 /* Release */,
			);
			defaultConfigurationIsVisible = 0;
			defaultConfigurationName = Release;
		};
/* End XCConfigurationList section */
	};
	rootObject = DFB50E06221D51C700003872 /* Project object */;
}
